Microsoft Visual Studio Solution File, Format Version 12.00
# Visual Studio Version 17
VisualStudioVersion = 17.0.31903.59
MinimumVisualStudioVersion = 10.0.40219.1
Project("{FAE04EC0-301F-11D3-BF4B-00C04F79EFBC}") = "HandballIntegration", "HandballIntegration\HandballIntegration.csproj", "{D1082C27-C459-4A50-9B52-1A00EA59C5E2}"
EndProject
Project("{FAE04EC0-301F-11D3-BF4B-00C04F79EFBC}") = "HandballManagerIntegration.Tests", "HandballManagerIntegration.Tests\HandballManagerIntegration.Tests.csproj", "{9C56E782-F3F1-4B18-89AE-1733557086C8}"
EndProject
Global
	GlobalSection(SolutionConfigurationPlatforms) = preSolution
		Debug|Any CPU = Debug|Any CPU
		Release|Any CPU = Release|Any CPU
	EndGlobalSection
	GlobalSection(ProjectConfigurationPlatforms) = postSolution
		{D1082C27-C459-4A50-9B52-1A00EA59C5E2}.Debug|Any CPU.ActiveCfg = Debug|Any CPU
		{D1082C27-C459-4A50-9B52-1A00EA59C5E2}.Debug|Any CPU.Build.0 = Debug|Any CPU
		{D1082C27-C459-4A50-9B52-1A00EA59C5E2}.Release|Any CPU.ActiveCfg = Release|Any CPU
		{D1082C27-C459-4A50-9B52-1A00EA59C5E2}.Release|Any CPU.Build.0 = Release|Any CPU
		{9C56E782-F3F1-4B18-89AE-1733557086C8}.Debug|Any CPU.ActiveCfg = Debug|Any CPU
		{9C56E782-F3F1-4B18-89AE-1733557086C8}.Debug|Any CPU.Build.0 = Debug|Any CPU
		{9C56E782-F3F1-4B18-89AE-1733557086C8}.Release|Any CPU.ActiveCfg = Release|Any CPU
		{9C56E782-F3F1-4B18-89AE-1733557086C8}.Release|Any CPU.Build.0 = Release|Any CPU
	EndGlobalSection
EndGlobal
